// !$*UTF8*$!
{
	archiveVersion = 1;
	classes = {
	};
	objectVersion = 46;
	objects = {

/* Begin PBXGroup section */
		539A688313BE2E890068DA86 = {
			isa = PBXGroup;
			children = (
			);
			sourceTree = "<group>";
		};
/* End PBXGroup section */

/* Begin PBXProject section */
		539A688513BE2E890068DA86 /* Project object */ = {
			isa = PBXProject;
			attributes = {
				ORGANIZATIONNAME = "Dylan Lukes";
			};
			buildConfigurationList = 539A688813BE2E890068DA86 /* Build configuration list for PBXProject "AntSimulation2" */;
			compatibilityVersion = "Xcode 3.2";
			developmentRegion = English;
			hasScannedForEncodings = 0;
			knownRegions = (
				en,
			);
			mainGroup = 539A688313BE2E890068DA86;
			projectDirPath = "";
			projectRoot = "";
			targets = (
			);
		};
/* End PBXProject section */

/* Begin XCBuildConfiguration section */
		539A688A13BE2E890068DA86 /* Debug */ = {
			isa = XCBuildConfiguration;
			buildSettings = {
			};
			name = Debug;
		};
		539A688B13BE2E890068DA86 /* Release */ = {
			isa = XCBuildConfiguration;
			buildSettings = {
			};
			name = Release;
		};
/* End XCBuildConfiguration section */

/* Begin XCConfigurationList section */
		539A688813BE2E890068DA86 /* Build configuration list for PBXProject "AntSimulation2" */ = {
			isa = XCConfigurationList;
			buildConfigurations = (
				539A688A13BE2E890068DA86 /* Debug */,
				539A688B13BE2E890068DA86 /* Release */,
			);
			defaultConfigurationIsVisible = 0;
			defaultConfigurationName = Release;
		};
/* End XCConfigurationList section */
	};
	rootObject = 539A688513BE2E890068DA86 /* Project object */;
}
